
Microsoft Visual Studio Solution File, Format Version 12.00
# Visual Studio Version 17
VisualStudioVersion = 17.14.37111.16 d17.14
MinimumVisualStudioVersion = 10.0.40219.1
Project("{FAE04EC0-301F-11D3-BF4B-00C04F79EFBC}") = "DelegatesAndEvents", "DelegatesAndEvents\DelegatesAndEvents.csproj", "{BBB085D7-39EE-4197-9A61-D636D553E331}"
EndProject
Global
	GlobalSection(SolutionConfigurationPlatforms) = preSolution
		Debug|Any CPU = Debug|Any CPU
		Release|Any CPU = Release|Any CPU
	EndGlobalSection
	GlobalSection(ProjectConfigurationPlatforms) = postSolution
		{BBB085D7-39EE-4197-9A61-D636D553E331}.Debug|Any CPU.ActiveCfg = Debug|Any CPU
		{BBB085D7-39EE-4197-9A61-D636D553E331}.Debug|Any CPU.Build.0 = Debug|Any CPU
		{BBB085D7-39EE-4197-9A61-D636D553E331}.Release|Any CPU.ActiveCfg = Release|Any CPU
		{BBB085D7-39EE-4197-9A61-D636D553E331}.Release|Any CPU.Build.0 = Release|Any CPU
	EndGlobalSection
	GlobalSection(SolutionProperties) = preSolution
		HideSolutionNode = FALSE
	EndGlobalSection
	GlobalSection(ExtensibilityGlobals) = postSolution
		SolutionGuid = {196C6876-424B-4792-A32E-515105B5B515}
	EndGlobalSection
EndGlobal
