
Microsoft Visual Studio Solution File, Format Version 12.00
# Visual Studio Version 17
VisualStudioVersion = 17.14.37012.4 d17.14
MinimumVisualStudioVersion = 10.0.40219.1
Project("{FAE04EC0-301F-11D3-BF4B-00C04F79EFBC}") = "HelloWorld", "HelloWorld\HelloWorld.csproj", "{F19E3AFC-32B3-40EC-B50A-9EA24DDA5452}"
EndProject
Global
	GlobalSection(SolutionConfigurationPlatforms) = preSolution
		Debug|Any CPU = Debug|Any CPU
		Release|Any CPU = Release|Any CPU
	EndGlobalSection
	GlobalSection(ProjectConfigurationPlatforms) = postSolution
		{F19E3AFC-32B3-40EC-B50A-9EA24DDA5452}.Debug|Any CPU.ActiveCfg = Debug|Any CPU
		{F19E3AFC-32B3-40EC-B50A-9EA24DDA5452}.Debug|Any CPU.Build.0 = Debug|Any CPU
		{F19E3AFC-32B3-40EC-B50A-9EA24DDA5452}.Release|Any CPU.ActiveCfg = Release|Any CPU
		{F19E3AFC-32B3-40EC-B50A-9EA24DDA5452}.Release|Any CPU.Build.0 = Release|Any CPU
	EndGlobalSection
	GlobalSection(SolutionProperties) = preSolution
		HideSolutionNode = FALSE
	EndGlobalSection
	GlobalSection(ExtensibilityGlobals) = postSolution
		SolutionGuid = {9619DA31-0BA5-482E-B4A3-27B18DC2F19D}
	EndGlobalSection
EndGlobal
