
Microsoft Visual Studio Solution File, Format Version 12.00
# Visual Studio Version 17
VisualStudioVersion = 17.14.37012.4 d17.14
MinimumVisualStudioVersion = 10.0.40219.1
Project("{FAE04EC0-301F-11D3-BF4B-00C04F79EFBC}") = "Arrays", "Arrays\Arrays.csproj", "{FCD61791-5FA9-43B0-9320-FC4AA07728BA}"
EndProject
Global
	GlobalSection(SolutionConfigurationPlatforms) = preSolution
		Debug|Any CPU = Debug|Any CPU
		Release|Any CPU = Release|Any CPU
	EndGlobalSection
	GlobalSection(ProjectConfigurationPlatforms) = postSolution
		{FCD61791-5FA9-43B0-9320-FC4AA07728BA}.Debug|Any CPU.ActiveCfg = Debug|Any CPU
		{FCD61791-5FA9-43B0-9320-FC4AA07728BA}.Debug|Any CPU.Build.0 = Debug|Any CPU
		{FCD61791-5FA9-43B0-9320-FC4AA07728BA}.Release|Any CPU.ActiveCfg = Release|Any CPU
		{FCD61791-5FA9-43B0-9320-FC4AA07728BA}.Release|Any CPU.Build.0 = Release|Any CPU
	EndGlobalSection
	GlobalSection(SolutionProperties) = preSolution
		HideSolutionNode = FALSE
	EndGlobalSection
	GlobalSection(ExtensibilityGlobals) = postSolution
		SolutionGuid = {100B9E29-73B2-4355-B9CE-858B23E85B1F}
	EndGlobalSection
EndGlobal
